
Microsoft Visual Studio Solution File, Format Version 12.00
Project("{FAE04EC0-301F-11D3-BF4B-00C04F79EFBC}") = "Restaurant", "Restaurant\Restaurant.csproj", "{AE77E466-BDDE-42C3-BD39-D356E805824A}"
EndProject
Global
	GlobalSection(SolutionConfigurationPlatforms) = preSolution
		Debug|Any CPU = Debug|Any CPU
		Release|Any CPU = Release|Any CPU
	EndGlobalSection
	GlobalSection(ProjectConfigurationPlatforms) = postSolution
		{AE77E466-BDDE-42C3-BD39-D356E805824A}.Debug|Any CPU.ActiveCfg = Debug|Any CPU
		{AE77E466-BDDE-42C3-BD39-D356E805824A}.Debug|Any CPU.Build.0 = Debug|Any CPU
		{AE77E466-BDDE-42C3-BD39-D356E805824A}.Release|Any CPU.ActiveCfg = Release|Any CPU
		{AE77E466-BDDE-42C3-BD39-D356E805824A}.Release|Any CPU.Build.0 = Release|Any CPU
	EndGlobalSection
EndGlobal
